// !$*UTF8*$!
{
	archiveVersion = 1;
	classes = {
	};
	objectVersion = 56;
	objects = {

/* Begin PBXBuildFile section */
		06D6E89EC5458681331AC28A /* Pods_SportsApp.framework in Frameworks */ = {isa = PBXBuildFile; fileRef = 8BB393AB29B088E660A00DEC /* Pods_SportsApp.framework */; };
		276FAB278D583A3BA9E0EA0F /* Pods_SportsApp_SportsAppUITests.framework in Frameworks */ = {isa = PBXBuildFile; fileRef = A0AEDFA78C045C99B3C2E55A /* Pods_SportsApp_SportsAppUITests.framework */; };
		630868170C9987391492ED0F /* Pods_SportsAppTests.framework in Frameworks */ = {isa = PBXBuildFile; fileRef = B6B6122411487D868F8F70F6 /* Pods_SportsAppTests.framework */; };
		B017D3F32BF5679300DF3450 /* LeagueTable.storyboard in Resources */ = {isa = PBXBuildFile; fileRef = B017D3F22BF5679300DF3450 /* LeagueTable.storyboard */; };
		B017D3F52BF567B500DF3450 /* LeagueDetails.storyboard in Resources */ = {isa = PBXBuildFile; fileRef = B017D3F42BF567B500DF3450 /* LeagueDetails.storyboard */; };
		B017D3F72BF567DB00DF3450 /* TeamDetails.storyboard in Resources */ = {isa = PBXBuildFile; fileRef = B017D3F62BF567DB00DF3450 /* TeamDetails.storyboard */; };
		B021B7EF2BF5395B00871F7A /* AppDelegate.swift in Sources */ = {isa = PBXBuildFile; fileRef = B021B7EE2BF5395B00871F7A /* AppDelegate.swift */; };
		B021B7F12BF5395B00871F7A /* SceneDelegate.swift in Sources */ = {isa = PBXBuildFile; fileRef = B021B7F02BF5395B00871F7A /* SceneDelegate.swift */; };
		B021B7F62BF5395B00871F7A /* Base in Resources */ = {isa = PBXBuildFile; fileRef = B021B7F52BF5395B00871F7A /* Base */; };
		B021B7F92BF5395B00871F7A /* SportsApp.xcdatamodeld in Sources */ = {isa = PBXBuildFile; fileRef = B021B7F72BF5395B00871F7A /* SportsApp.xcdatamodeld */; };
		B021B7FB2BF5395D00871F7A /* Assets.xcassets in Resources */ = {isa = PBXBuildFile; fileRef = B021B7FA2BF5395D00871F7A /* Assets.xcassets */; };
		B021B7FE2BF5395D00871F7A /* Base in Resources */ = {isa = PBXBuildFile; fileRef = B021B7FD2BF5395D00871F7A /* Base */; };
		B021B8092BF5395D00871F7A /* SportsAppTests.swift in Sources */ = {isa = PBXBuildFile; fileRef = B021B8082BF5395D00871F7A /* SportsAppTests.swift */; };
		B021B8132BF5395D00871F7A /* SportsAppUITests.swift in Sources */ = {isa = PBXBuildFile; fileRef = B021B8122BF5395D00871F7A /* SportsAppUITests.swift */; };
		B021B8152BF5395D00871F7A /* SportsAppUITestsLaunchTests.swift in Sources */ = {isa = PBXBuildFile; fileRef = B021B8142BF5395D00871F7A /* SportsAppUITestsLaunchTests.swift */; };

		E22128CD2BF583FA007DD78F /* HomeCollectionViewCell.swift in Sources */ = {isa = PBXBuildFile; fileRef = E22128CC2BF583FA007DD78F /* HomeCollectionViewCell.swift */; };
		E241D7A32BF8C17900BDAC4A /* NetworkServiceProtocol.swift in Sources */ = {isa = PBXBuildFile; fileRef = E241D7A22BF8C17900BDAC4A /* NetworkServiceProtocol.swift */; };
		E255350F2BF7D61700E7BA50 /* LeagueTableViewModel.swift in Sources */ = {isa = PBXBuildFile; fileRef = E255350E2BF7D61700E7BA50 /* LeagueTableViewModel.swift */; };
		E2B6D3532BF57A0400EA5EE9 /* HomeViewController.swift in Sources */ = {isa = PBXBuildFile; fileRef = E2B6D3522BF57A0400EA5EE9 /* HomeViewController.swift */; };
		E2E72A802BF68B12008B66A1 /* LeagueTableViewController.swift in Sources */ = {isa = PBXBuildFile; fileRef = E2E72A7F2BF68B12008B66A1 /* LeagueTableViewController.swift */; };
		E2E72A822BF699BA008B66A1 /* LeagueTableViewCell.swift in Sources */ = {isa = PBXBuildFile; fileRef = E2E72A812BF699BA008B66A1 /* LeagueTableViewCell.swift */; };
		E2E72A842BF6B0FC008B66A1 /* LeagueViewController.swift in Sources */ = {isa = PBXBuildFile; fileRef = E2E72A832BF6B0FC008B66A1 /* LeagueViewController.swift */; };
		E2E72A862BF6BCC3008B66A1 /* NetworkManager.swift in Sources */ = {isa = PBXBuildFile; fileRef = E2E72A852BF6BCC3008B66A1 /* NetworkManager.swift */; };
		E2E72A882BF6D1F7008B66A1 /* LeagueResponse.swift in Sources */ = {isa = PBXBuildFile; fileRef = E2E72A872BF6D1F7008B66A1 /* LeagueResponse.swift */; };

/* End PBXBuildFile section */

/* Begin PBXContainerItemProxy section */
		B021B8052BF5395D00871F7A /* PBXContainerItemProxy */ = {
			isa = PBXContainerItemProxy;
			containerPortal = B021B7E32BF5395B00871F7A /* Project object */;
			proxyType = 1;
			remoteGlobalIDString = B021B7EA2BF5395B00871F7A;
			remoteInfo = SportsApp;
		};
		B021B80F2BF5395D00871F7A /* PBXContainerItemProxy */ = {
			isa = PBXContainerItemProxy;
			containerPortal = B021B7E32BF5395B00871F7A /* Project object */;
			proxyType = 1;
			remoteGlobalIDString = B021B7EA2BF5395B00871F7A;
			remoteInfo = SportsApp;
		};
/* End PBXContainerItemProxy section */

/* Begin PBXFileReference section */
		36CD3F97E3617E000D2AE584 /* Pods-SportsApp-SportsAppUITests.release.xcconfig */ = {isa = PBXFileReference; includeInIndex = 1; lastKnownFileType = text.xcconfig; name = "Pods-SportsApp-SportsAppUITests.release.xcconfig"; path = "Target Support Files/Pods-SportsApp-SportsAppUITests/Pods-SportsApp-SportsAppUITests.release.xcconfig"; sourceTree = "<group>"; };
		6AB4280462B4B09C4C566082 /* Pods-SportsAppTests.release.xcconfig */ = {isa = PBXFileReference; includeInIndex = 1; lastKnownFileType = text.xcconfig; name = "Pods-SportsAppTests.release.xcconfig"; path = "Target Support Files/Pods-SportsAppTests/Pods-SportsAppTests.release.xcconfig"; sourceTree = "<group>"; };
		6FA268D0D43548CBBD64601A /* Pods-SportsApp.release.xcconfig */ = {isa = PBXFileReference; includeInIndex = 1; lastKnownFileType = text.xcconfig; name = "Pods-SportsApp.release.xcconfig"; path = "Target Support Files/Pods-SportsApp/Pods-SportsApp.release.xcconfig"; sourceTree = "<group>"; };
		8BB393AB29B088E660A00DEC /* Pods_SportsApp.framework */ = {isa = PBXFileReference; explicitFileType = wrapper.framework; includeInIndex = 0; path = Pods_SportsApp.framework; sourceTree = BUILT_PRODUCTS_DIR; };
		93980188ABF5C522CF29AB49 /* Pods-SportsApp-SportsAppUITests.debug.xcconfig */ = {isa = PBXFileReference; includeInIndex = 1; lastKnownFileType = text.xcconfig; name = "Pods-SportsApp-SportsAppUITests.debug.xcconfig"; path = "Target Support Files/Pods-SportsApp-SportsAppUITests/Pods-SportsApp-SportsAppUITests.debug.xcconfig"; sourceTree = "<group>"; };
		A0AEDFA78C045C99B3C2E55A /* Pods_SportsApp_SportsAppUITests.framework */ = {isa = PBXFileReference; explicitFileType = wrapper.framework; includeInIndex = 0; path = Pods_SportsApp_SportsAppUITests.framework; sourceTree = BUILT_PRODUCTS_DIR; };
		B017D3F22BF5679300DF3450 /* LeagueTable.storyboard */ = {isa = PBXFileReference; lastKnownFileType = file.storyboard; path = LeagueTable.storyboard; sourceTree = "<group>"; };
		B017D3F42BF567B500DF3450 /* LeagueDetails.storyboard */ = {isa = PBXFileReference; lastKnownFileType = file.storyboard; path = LeagueDetails.storyboard; sourceTree = "<group>"; };
		B017D3F62BF567DB00DF3450 /* TeamDetails.storyboard */ = {isa = PBXFileReference; lastKnownFileType = file.storyboard; path = TeamDetails.storyboard; sourceTree = "<group>"; };
		B021B7EB2BF5395B00871F7A /* SportsApp.app */ = {isa = PBXFileReference; explicitFileType = wrapper.application; includeInIndex = 0; path = SportsApp.app; sourceTree = BUILT_PRODUCTS_DIR; };
		B021B7EE2BF5395B00871F7A /* AppDelegate.swift */ = {isa = PBXFileReference; lastKnownFileType = sourcecode.swift; path = AppDelegate.swift; sourceTree = "<group>"; };
		B021B7F02BF5395B00871F7A /* SceneDelegate.swift */ = {isa = PBXFileReference; lastKnownFileType = sourcecode.swift; path = SceneDelegate.swift; sourceTree = "<group>"; };
		B021B7F52BF5395B00871F7A /* Base */ = {isa = PBXFileReference; lastKnownFileType = file.storyboard; name = Base; path = Base.lproj/Main.storyboard; sourceTree = "<group>"; };
		B021B7F82BF5395B00871F7A /* SportsApp.xcdatamodel */ = {isa = PBXFileReference; lastKnownFileType = wrapper.xcdatamodel; path = SportsApp.xcdatamodel; sourceTree = "<group>"; };
		B021B7FA2BF5395D00871F7A /* Assets.xcassets */ = {isa = PBXFileReference; lastKnownFileType = folder.assetcatalog; path = Assets.xcassets; sourceTree = "<group>"; };
		B021B7FD2BF5395D00871F7A /* Base */ = {isa = PBXFileReference; lastKnownFileType = file.storyboard; name = Base; path = Base.lproj/LaunchScreen.storyboard; sourceTree = "<group>"; };
		B021B7FF2BF5395D00871F7A /* Info.plist */ = {isa = PBXFileReference; lastKnownFileType = text.plist.xml; path = Info.plist; sourceTree = "<group>"; };
		B021B8042BF5395D00871F7A /* SportsAppTests.xctest */ = {isa = PBXFileReference; explicitFileType = wrapper.cfbundle; includeInIndex = 0; path = SportsAppTests.xctest; sourceTree = BUILT_PRODUCTS_DIR; };
		B021B8082BF5395D00871F7A /* SportsAppTests.swift */ = {isa = PBXFileReference; lastKnownFileType = sourcecode.swift; path = SportsAppTests.swift; sourceTree = "<group>"; };
		B021B80E2BF5395D00871F7A /* SportsAppUITests.xctest */ = {isa = PBXFileReference; explicitFileType = wrapper.cfbundle; includeInIndex = 0; path = SportsAppUITests.xctest; sourceTree = BUILT_PRODUCTS_DIR; };
		B021B8122BF5395D00871F7A /* SportsAppUITests.swift */ = {isa = PBXFileReference; lastKnownFileType = sourcecode.swift; path = SportsAppUITests.swift; sourceTree = "<group>"; };
		B021B8142BF5395D00871F7A /* SportsAppUITestsLaunchTests.swift */ = {isa = PBXFileReference; lastKnownFileType = sourcecode.swift; path = SportsAppUITestsLaunchTests.swift; sourceTree = "<group>"; };
		B0340A082BF5739C00B02528 /* LeagueDetailsCollectionViewController.swift */ = {isa = PBXFileReference; lastKnownFileType = sourcecode.swift; path = LeagueDetailsCollectionViewController.swift; sourceTree = "<group>"; };
		B6B6122411487D868F8F70F6 /* Pods_SportsAppTests.framework */ = {isa = PBXFileReference; explicitFileType = wrapper.framework; includeInIndex = 0; path = Pods_SportsAppTests.framework; sourceTree = BUILT_PRODUCTS_DIR; };
		B9C7DA2CD6F060F07949E19C /* Pods-SportsApp.debug.xcconfig */ = {isa = PBXFileReference; includeInIndex = 1; lastKnownFileType = text.xcconfig; name = "Pods-SportsApp.debug.xcconfig"; path = "Target Support Files/Pods-SportsApp/Pods-SportsApp.debug.xcconfig"; sourceTree = "<group>"; };
		E22128CC2BF583FA007DD78F /* HomeCollectionViewCell.swift */ = {isa = PBXFileReference; lastKnownFileType = sourcecode.swift; name = HomeCollectionViewCell.swift; path = Home/Home/Views/HomeCollectionViewCell.swift; sourceTree = SOURCE_ROOT; };
		E241D7A22BF8C17900BDAC4A /* NetworkServiceProtocol.swift */ = {isa = PBXFileReference; lastKnownFileType = sourcecode.swift; name = NetworkServiceProtocol.swift; path = LeagueTable/ViewModels/NetworkServiceProtocol.swift; sourceTree = SOURCE_ROOT; };
		E255350E2BF7D61700E7BA50 /* LeagueTableViewModel.swift */ = {isa = PBXFileReference; lastKnownFileType = sourcecode.swift; name = LeagueTableViewModel.swift; path = LeagueTable/ViewModels/LeagueTableViewModel.swift; sourceTree = SOURCE_ROOT; };
		E2B6D3522BF57A0400EA5EE9 /* HomeViewController.swift */ = {isa = PBXFileReference; lastKnownFileType = sourcecode.swift; name = HomeViewController.swift; path = Home/Home/Views/HomeViewController.swift; sourceTree = SOURCE_ROOT; };
		E2E72A7F2BF68B12008B66A1 /* LeagueTableViewController.swift */ = {isa = PBXFileReference; lastKnownFileType = sourcecode.swift; name = LeagueTableViewController.swift; path = LeagueTable/Views/LeagueTableViewController.swift; sourceTree = SOURCE_ROOT; };
		E2E72A812BF699BA008B66A1 /* LeagueTableViewCell.swift */ = {isa = PBXFileReference; lastKnownFileType = sourcecode.swift; name = LeagueTableViewCell.swift; path = LeagueTable/Views/LeagueTableViewCell.swift; sourceTree = SOURCE_ROOT; };
		E2E72A832BF6B0FC008B66A1 /* LeagueViewController.swift */ = {isa = PBXFileReference; lastKnownFileType = sourcecode.swift; name = LeagueViewController.swift; path = LeagueTable/Views/LeagueViewController.swift; sourceTree = SOURCE_ROOT; };
		E2E72A852BF6BCC3008B66A1 /* NetworkManager.swift */ = {isa = PBXFileReference; lastKnownFileType = sourcecode.swift; name = NetworkManager.swift; path = LeagueTable/Views/NetworkManager.swift; sourceTree = SOURCE_ROOT; };
		E2E72A872BF6D1F7008B66A1 /* LeagueResponse.swift */ = {isa = PBXFileReference; lastKnownFileType = sourcecode.swift; name = LeagueResponse.swift; path = LeagueTable/Views/LeagueResponse.swift; sourceTree = SOURCE_ROOT; };
		E4333F4DEB9FCD8641CD5732 /* Pods-SportsAppTests.debug.xcconfig */ = {isa = PBXFileReference; includeInIndex = 1; lastKnownFileType = text.xcconfig; name = "Pods-SportsAppTests.debug.xcconfig"; path = "Target Support Files/Pods-SportsAppTests/Pods-SportsAppTests.debug.xcconfig"; sourceTree = "<group>"; };
/* End PBXFileReference section */

/* Begin PBXFrameworksBuildPhase section */
		B021B7E82BF5395B00871F7A /* Frameworks */ = {
			isa = PBXFrameworksBuildPhase;
			buildActionMask = 2147483647;
			files = (
				06D6E89EC5458681331AC28A /* Pods_SportsApp.framework in Frameworks */,
			);
			runOnlyForDeploymentPostprocessing = 0;
		};
		B021B8012BF5395D00871F7A /* Frameworks */ = {
			isa = PBXFrameworksBuildPhase;
			buildActionMask = 2147483647;
			files = (
				630868170C9987391492ED0F /* Pods_SportsAppTests.framework in Frameworks */,
			);
			runOnlyForDeploymentPostprocessing = 0;
		};
		B021B80B2BF5395D00871F7A /* Frameworks */ = {
			isa = PBXFrameworksBuildPhase;
			buildActionMask = 2147483647;
			files = (
				276FAB278D583A3BA9E0EA0F /* Pods_SportsApp_SportsAppUITests.framework in Frameworks */,
			);
			runOnlyForDeploymentPostprocessing = 0;
		};
/* End PBXFrameworksBuildPhase section */

/* Begin PBXGroup section */
		A96AE8FC14083F7BF6EBEF33 /* Frameworks */ = {
			isa = PBXGroup;
			children = (
				8BB393AB29B088E660A00DEC /* Pods_SportsApp.framework */,
				A0AEDFA78C045C99B3C2E55A /* Pods_SportsApp_SportsAppUITests.framework */,
				B6B6122411487D868F8F70F6 /* Pods_SportsAppTests.framework */,
			);
			name = Frameworks;
			sourceTree = "<group>";
		};
		B017D3FA2BF567F900DF3450 /* View */ = {
			isa = PBXGroup;
			children = (
				B021B7FC2BF5395D00871F7A /* LaunchScreen.storyboard */,
				B021B7F42BF5395B00871F7A /* Main.storyboard */,
				B017D3F22BF5679300DF3450 /* LeagueTable.storyboard */,
				B017D3F42BF567B500DF3450 /* LeagueDetails.storyboard */,
				B017D3F62BF567DB00DF3450 /* TeamDetails.storyboard */,
			);
			path = View;
			sourceTree = "<group>";
		};
		B017D3FB2BF5680B00DF3450 /* Model */ = {
			isa = PBXGroup;
			children = (
				E2E72A872BF6D1F7008B66A1 /* LeagueResponse.swift */,
			);
			path = Model;
			sourceTree = "<group>";
		};
		B017D3FC2BF5681400DF3450 /* Modules */ = {
			isa = PBXGroup;
			children = (
				B017D4042BF568CA00DF3450 /* Favorite */,
				B017D4032BF568BD00DF3450 /* TeamDetails */,
				B017D4022BF568AE00DF3450 /* LeagueDetails */,
				B017D4012BF5689B00DF3450 /* LeagueTable */,
				B017D4002BF5689100DF3450 /* Home */,
			);
			path = Modules;
			sourceTree = "<group>";
		};
		B017D3FD2BF5683000DF3450 /* Services */ = {
			isa = PBXGroup;
			children = (
				B017D3FF2BF5685300DF3450 /* CachingService */,
				B017D3FE2BF5683E00DF3450 /* NetworkService */,
			);
			path = Services;
			sourceTree = "<group>";
		};
		B017D3FE2BF5683E00DF3450 /* NetworkService */ = {
			isa = PBXGroup;
			children = (
				E2E72A852BF6BCC3008B66A1 /* NetworkManager.swift */,
				E241D7A22BF8C17900BDAC4A /* NetworkServiceProtocol.swift */,
			);
			path = NetworkService;
			sourceTree = "<group>";
		};
		B017D3FF2BF5685300DF3450 /* CachingService */ = {
			isa = PBXGroup;
			children = (
			);
			path = CachingService;
			sourceTree = "<group>";
		};
		B017D4002BF5689100DF3450 /* Home */ = {
			isa = PBXGroup;
			children = (
				E2B6D3502BF579CB00EA5EE9 /* Views */,
			);
			path = Home;
			sourceTree = "<group>";
		};
		B017D4012BF5689B00DF3450 /* LeagueTable */ = {
			isa = PBXGroup;
			children = (
				E255350D2BF7D5FC00E7BA50 /* ViewModels */,
				E2E72A7E2BF68ADC008B66A1 /* Views */,
			);
			path = LeagueTable;
			sourceTree = "<group>";
		};
		B017D4022BF568AE00DF3450 /* LeagueDetails */ = {
			isa = PBXGroup;
			children = (
			);
			path = LeagueDetails;
			sourceTree = "<group>";
		};
		B017D4032BF568BD00DF3450 /* TeamDetails */ = {
			isa = PBXGroup;
			children = (
			);
			path = TeamDetails;
			sourceTree = "<group>";
		};
		B017D4042BF568CA00DF3450 /* Favorite */ = {
			isa = PBXGroup;
			children = (
			);
			path = Favorite;
			sourceTree = "<group>";
		};
		B021B7E22BF5395B00871F7A = {
			isa = PBXGroup;
			children = (
				B021B7ED2BF5395B00871F7A /* SportsApp */,
				B021B8072BF5395D00871F7A /* SportsAppTests */,
				B021B8112BF5395D00871F7A /* SportsAppUITests */,
				B021B7EC2BF5395B00871F7A /* Products */,
				BC8682CF0E04F3D506692755 /* Pods */,
				A96AE8FC14083F7BF6EBEF33 /* Frameworks */,
			);
			sourceTree = "<group>";
		};
		B021B7EC2BF5395B00871F7A /* Products */ = {
			isa = PBXGroup;
			children = (
				B021B7EB2BF5395B00871F7A /* SportsApp.app */,
				B021B8042BF5395D00871F7A /* SportsAppTests.xctest */,
				B021B80E2BF5395D00871F7A /* SportsAppUITests.xctest */,
			);
			name = Products;
			sourceTree = "<group>";
		};
		B021B7ED2BF5395B00871F7A /* SportsApp */ = {
			isa = PBXGroup;
			children = (
				B017D3FB2BF5680B00DF3450 /* Model */,
				B017D3FD2BF5683000DF3450 /* Services */,
				B017D3FA2BF567F900DF3450 /* View */,
				B017D3FC2BF5681400DF3450 /* Modules */,
				B021B7EE2BF5395B00871F7A /* AppDelegate.swift */,
				B021B7F02BF5395B00871F7A /* SceneDelegate.swift */,
				B021B7FA2BF5395D00871F7A /* Assets.xcassets */,
				B021B7FF2BF5395D00871F7A /* Info.plist */,
				B021B7F72BF5395B00871F7A /* SportsApp.xcdatamodeld */,
				B0340A082BF5739C00B02528 /* LeagueDetailsCollectionViewController.swift */,
			);
			path = SportsApp;
			sourceTree = "<group>";
		};
		B021B8072BF5395D00871F7A /* SportsAppTests */ = {
			isa = PBXGroup;
			children = (
				B021B8082BF5395D00871F7A /* SportsAppTests.swift */,
			);
			path = SportsAppTests;
			sourceTree = "<group>";
		};
		B021B8112BF5395D00871F7A /* SportsAppUITests */ = {
			isa = PBXGroup;
			children = (
				B021B8122BF5395D00871F7A /* SportsAppUITests.swift */,
				B021B8142BF5395D00871F7A /* SportsAppUITestsLaunchTests.swift */,
			);
			path = SportsAppUITests;
			sourceTree = "<group>";
		};
		BC8682CF0E04F3D506692755 /* Pods */ = {
			isa = PBXGroup;
			children = (
				B9C7DA2CD6F060F07949E19C /* Pods-SportsApp.debug.xcconfig */,
				6FA268D0D43548CBBD64601A /* Pods-SportsApp.release.xcconfig */,
				93980188ABF5C522CF29AB49 /* Pods-SportsApp-SportsAppUITests.debug.xcconfig */,
				36CD3F97E3617E000D2AE584 /* Pods-SportsApp-SportsAppUITests.release.xcconfig */,
				E4333F4DEB9FCD8641CD5732 /* Pods-SportsAppTests.debug.xcconfig */,
				6AB4280462B4B09C4C566082 /* Pods-SportsAppTests.release.xcconfig */,
			);
			path = Pods;
			sourceTree = "<group>";
		};
		E255350D2BF7D5FC00E7BA50 /* ViewModels */ = {
			isa = PBXGroup;
			children = (
				E255350E2BF7D61700E7BA50 /* LeagueTableViewModel.swift */,
			);
			path = ViewModels;
			sourceTree = "<group>";
		};
		E2B6D3502BF579CB00EA5EE9 /* Views */ = {
			isa = PBXGroup;
			children = (
				E2B6D3522BF57A0400EA5EE9 /* HomeViewController.swift */,
				E22128CC2BF583FA007DD78F /* HomeCollectionViewCell.swift */,
			);
			name = Views;
			path = Home/Views;
			sourceTree = "<group>";
		};
		E2E72A7E2BF68ADC008B66A1 /* Views */ = {
			isa = PBXGroup;
			children = (
				E2E72A7F2BF68B12008B66A1 /* LeagueTableViewController.swift */,
				E2E72A812BF699BA008B66A1 /* LeagueTableViewCell.swift */,
				E2E72A832BF6B0FC008B66A1 /* LeagueViewController.swift */,
			);
			path = Views;
			sourceTree = "<group>";
		};
/* End PBXGroup section */

/* Begin PBXNativeTarget section */
		B021B7EA2BF5395B00871F7A /* SportsApp */ = {
			isa = PBXNativeTarget;
			buildConfigurationList = B021B8182BF5395D00871F7A /* Build configuration list for PBXNativeTarget "SportsApp" */;
			buildPhases = (
				8AF9BCE37204EF1C44C49094 /* [CP] Check Pods Manifest.lock */,
				B021B7E72BF5395B00871F7A /* Sources */,
				B021B7E82BF5395B00871F7A /* Frameworks */,
				B021B7E92BF5395B00871F7A /* Resources */,
				1CD75AFC03F526D1EA0BA186 /* [CP] Embed Pods Frameworks */,
			);
			buildRules = (
			);
			dependencies = (
			);
			name = SportsApp;
			productName = SportsApp;
			productReference = B021B7EB2BF5395B00871F7A /* SportsApp.app */;
			productType = "com.apple.product-type.application";
		};
		B021B8032BF5395D00871F7A /* SportsAppTests */ = {
			isa = PBXNativeTarget;
			buildConfigurationList = B021B81B2BF5395D00871F7A /* Build configuration list for PBXNativeTarget "SportsAppTests" */;
			buildPhases = (
				B8D79BC1B9A983E3407D4B8E /* [CP] Check Pods Manifest.lock */,
				B021B8002BF5395D00871F7A /* Sources */,
				B021B8012BF5395D00871F7A /* Frameworks */,
				B021B8022BF5395D00871F7A /* Resources */,
			);
			buildRules = (
			);
			dependencies = (
				B021B8062BF5395D00871F7A /* PBXTargetDependency */,
			);
			name = SportsAppTests;
			productName = SportsAppTests;
			productReference = B021B8042BF5395D00871F7A /* SportsAppTests.xctest */;
			productType = "com.apple.product-type.bundle.unit-test";
		};
		B021B80D2BF5395D00871F7A /* SportsAppUITests */ = {
			isa = PBXNativeTarget;
			buildConfigurationList = B021B81E2BF5395D00871F7A /* Build configuration list for PBXNativeTarget "SportsAppUITests" */;
			buildPhases = (
				50C0CE97E3F5FE4A6D1A06D4 /* [CP] Check Pods Manifest.lock */,
				B021B80A2BF5395D00871F7A /* Sources */,
				B021B80B2BF5395D00871F7A /* Frameworks */,
				B021B80C2BF5395D00871F7A /* Resources */,
				1E75B982BF098BB3438CC642 /* [CP] Embed Pods Frameworks */,
			);
			buildRules = (
			);
			dependencies = (
				B021B8102BF5395D00871F7A /* PBXTargetDependency */,
			);
			name = SportsAppUITests;
			productName = SportsAppUITests;
			productReference = B021B80E2BF5395D00871F7A /* SportsAppUITests.xctest */;
			productType = "com.apple.product-type.bundle.ui-testing";
		};
/* End PBXNativeTarget section */

/* Begin PBXProject section */
		B021B7E32BF5395B00871F7A /* Project object */ = {
			isa = PBXProject;
			attributes = {
				BuildIndependentTargetsInParallel = 1;
				LastSwiftUpdateCheck = 1530;
				LastUpgradeCheck = 1530;
				TargetAttributes = {
					B021B7EA2BF5395B00871F7A = {
						CreatedOnToolsVersion = 15.3;
					};
					B021B8032BF5395D00871F7A = {
						CreatedOnToolsVersion = 15.3;
						TestTargetID = B021B7EA2BF5395B00871F7A;
					};
					B021B80D2BF5395D00871F7A = {
						CreatedOnToolsVersion = 15.3;
						TestTargetID = B021B7EA2BF5395B00871F7A;
					};
				};
			};
			buildConfigurationList = B021B7E62BF5395B00871F7A /* Build configuration list for PBXProject "SportsApp" */;
			compatibilityVersion = "Xcode 14.0";
			developmentRegion = en;
			hasScannedForEncodings = 0;
			knownRegions = (
				en,
				Base,
			);
			mainGroup = B021B7E22BF5395B00871F7A;
			productRefGroup = B021B7EC2BF5395B00871F7A /* Products */;
			projectDirPath = "";
			projectRoot = "";
			targets = (
				B021B7EA2BF5395B00871F7A /* SportsApp */,
				B021B8032BF5395D00871F7A /* SportsAppTests */,
				B021B80D2BF5395D00871F7A /* SportsAppUITests */,
			);
		};
/* End PBXProject section */

/* Begin PBXResourcesBuildPhase section */
		B021B7E92BF5395B00871F7A /* Resources */ = {
			isa = PBXResourcesBuildPhase;
			buildActionMask = 2147483647;
			files = (
				B017D3F32BF5679300DF3450 /* LeagueTable.storyboard in Resources */,
				B021B7FB2BF5395D00871F7A /* Assets.xcassets in Resources */,
				B017D3F52BF567B500DF3450 /* LeagueDetails.storyboard in Resources */,
				B021B7FE2BF5395D00871F7A /* Base in Resources */,
				B017D3F72BF567DB00DF3450 /* TeamDetails.storyboard in Resources */,
				B021B7F62BF5395B00871F7A /* Base in Resources */,
			);
			runOnlyForDeploymentPostprocessing = 0;
		};
		B021B8022BF5395D00871F7A /* Resources */ = {
			isa = PBXResourcesBuildPhase;
			buildActionMask = 2147483647;
			files = (
			);
			runOnlyForDeploymentPostprocessing = 0;
		};
		B021B80C2BF5395D00871F7A /* Resources */ = {
			isa = PBXResourcesBuildPhase;
			buildActionMask = 2147483647;
			files = (
			);
			runOnlyForDeploymentPostprocessing = 0;
		};
/* End PBXResourcesBuildPhase section */

/* Begin PBXShellScriptBuildPhase section */
		1CD75AFC03F526D1EA0BA186 /* [CP] Embed Pods Frameworks */ = {
			isa = PBXShellScriptBuildPhase;
			buildActionMask = 2147483647;
			files = (
			);
			inputFileListPaths = (
				"${PODS_ROOT}/Target Support Files/Pods-SportsApp/Pods-SportsApp-frameworks-${CONFIGURATION}-input-files.xcfilelist",
			);
			name = "[CP] Embed Pods Frameworks";
			outputFileListPaths = (
				"${PODS_ROOT}/Target Support Files/Pods-SportsApp/Pods-SportsApp-frameworks-${CONFIGURATION}-output-files.xcfilelist",
			);
			runOnlyForDeploymentPostprocessing = 0;
			shellPath = /bin/sh;
			shellScript = "\"${PODS_ROOT}/Target Support Files/Pods-SportsApp/Pods-SportsApp-frameworks.sh\"\n";
			showEnvVarsInLog = 0;
		};
		1E75B982BF098BB3438CC642 /* [CP] Embed Pods Frameworks */ = {
			isa = PBXShellScriptBuildPhase;
			buildActionMask = 2147483647;
			files = (
			);
			inputFileListPaths = (
				"${PODS_ROOT}/Target Support Files/Pods-SportsApp-SportsAppUITests/Pods-SportsApp-SportsAppUITests-frameworks-${CONFIGURATION}-input-files.xcfilelist",
			);
			name = "[CP] Embed Pods Frameworks";
			outputFileListPaths = (
				"${PODS_ROOT}/Target Support Files/Pods-SportsApp-SportsAppUITests/Pods-SportsApp-SportsAppUITests-frameworks-${CONFIGURATION}-output-files.xcfilelist",
			);
			runOnlyForDeploymentPostprocessing = 0;
			shellPath = /bin/sh;
			shellScript = "\"${PODS_ROOT}/Target Support Files/Pods-SportsApp-SportsAppUITests/Pods-SportsApp-SportsAppUITests-frameworks.sh\"\n";
			showEnvVarsInLog = 0;
		};
		50C0CE97E3F5FE4A6D1A06D4 /* [CP] Check Pods Manifest.lock */ = {
			isa = PBXShellScriptBuildPhase;
			buildActionMask = 2147483647;
			files = (
			);
			inputFileListPaths = (
			);
			inputPaths = (
				"${PODS_PODFILE_DIR_PATH}/Podfile.lock",
				"${PODS_ROOT}/Manifest.lock",
			);
			name = "[CP] Check Pods Manifest.lock";
			outputFileListPaths = (
			);
			outputPaths = (
				"$(DERIVED_FILE_DIR)/Pods-SportsApp-SportsAppUITests-checkManifestLockResult.txt",
			);
			runOnlyForDeploymentPostprocessing = 0;
			shellPath = /bin/sh;
			shellScript = "diff \"${PODS_PODFILE_DIR_PATH}/Podfile.lock\" \"${PODS_ROOT}/Manifest.lock\" > /dev/null\nif [ $? != 0 ] ; then\n    # print error to STDERR\n    echo \"error: The sandbox is not in sync with the Podfile.lock. Run 'pod install' or update your CocoaPods installation.\" >&2\n    exit 1\nfi\n# This output is used by Xcode 'outputs' to avoid re-running this script phase.\necho \"SUCCESS\" > \"${SCRIPT_OUTPUT_FILE_0}\"\n";
			showEnvVarsInLog = 0;
		};
		8AF9BCE37204EF1C44C49094 /* [CP] Check Pods Manifest.lock */ = {
			isa = PBXShellScriptBuildPhase;
			buildActionMask = 2147483647;
			files = (
			);
			inputFileListPaths = (
			);
			inputPaths = (
				"${PODS_PODFILE_DIR_PATH}/Podfile.lock",
				"${PODS_ROOT}/Manifest.lock",
			);
			name = "[CP] Check Pods Manifest.lock";
			outputFileListPaths = (
			);
			outputPaths = (
				"$(DERIVED_FILE_DIR)/Pods-SportsApp-checkManifestLockResult.txt",
			);
			runOnlyForDeploymentPostprocessing = 0;
			shellPath = /bin/sh;
			shellScript = "diff \"${PODS_PODFILE_DIR_PATH}/Podfile.lock\" \"${PODS_ROOT}/Manifest.lock\" > /dev/null\nif [ $? != 0 ] ; then\n    # print error to STDERR\n    echo \"error: The sandbox is not in sync with the Podfile.lock. Run 'pod install' or update your CocoaPods installation.\" >&2\n    exit 1\nfi\n# This output is used by Xcode 'outputs' to avoid re-running this script phase.\necho \"SUCCESS\" > \"${SCRIPT_OUTPUT_FILE_0}\"\n";
			showEnvVarsInLog = 0;
		};
		B8D79BC1B9A983E3407D4B8E /* [CP] Check Pods Manifest.lock */ = {
			isa = PBXShellScriptBuildPhase;
			buildActionMask = 2147483647;
			files = (
			);
			inputFileListPaths = (
			);
			inputPaths = (
				"${PODS_PODFILE_DIR_PATH}/Podfile.lock",
				"${PODS_ROOT}/Manifest.lock",
			);
			name = "[CP] Check Pods Manifest.lock";
			outputFileListPaths = (
			);
			outputPaths = (
				"$(DERIVED_FILE_DIR)/Pods-SportsAppTests-checkManifestLockResult.txt",
			);
			runOnlyForDeploymentPostprocessing = 0;
			shellPath = /bin/sh;
			shellScript = "diff \"${PODS_PODFILE_DIR_PATH}/Podfile.lock\" \"${PODS_ROOT}/Manifest.lock\" > /dev/null\nif [ $? != 0 ] ; then\n    # print error to STDERR\n    echo \"error: The sandbox is not in sync with the Podfile.lock. Run 'pod install' or update your CocoaPods installation.\" >&2\n    exit 1\nfi\n# This output is used by Xcode 'outputs' to avoid re-running this script phase.\necho \"SUCCESS\" > \"${SCRIPT_OUTPUT_FILE_0}\"\n";
			showEnvVarsInLog = 0;
		};
/* End PBXShellScriptBuildPhase section */

/* Begin PBXSourcesBuildPhase section */
		B021B7E72BF5395B00871F7A /* Sources */ = {
			isa = PBXSourcesBuildPhase;
			buildActionMask = 2147483647;
			files = (
				E2E72A862BF6BCC3008B66A1 /* NetworkManager.swift in Sources */,
				E22128CD2BF583FA007DD78F /* HomeCollectionViewCell.swift in Sources */,
				B021B7EF2BF5395B00871F7A /* AppDelegate.swift in Sources */,
				E2E72A882BF6D1F7008B66A1 /* LeagueResponse.swift in Sources */,
				B021B7F92BF5395B00871F7A /* SportsApp.xcdatamodeld in Sources */,
				B0340A092BF5739C00B02528 /* LeagueDetailsCollectionViewController.swift in Sources */,
				B021B7F12BF5395B00871F7A /* SceneDelegate.swift in Sources */,
				E2E72A802BF68B12008B66A1 /* LeagueTableViewController.swift in Sources */,
				E2E72A822BF699BA008B66A1 /* LeagueTableViewCell.swift in Sources */,
				E241D7A32BF8C17900BDAC4A /* NetworkServiceProtocol.swift in Sources */,
				E255350F2BF7D61700E7BA50 /* LeagueTableViewModel.swift in Sources */,
				E2B6D3532BF57A0400EA5EE9 /* HomeViewController.swift in Sources */,
				E2E72A842BF6B0FC008B66A1 /* LeagueViewController.swift in Sources */,
			);
			runOnlyForDeploymentPostprocessing = 0;
		};
		B021B8002BF5395D00871F7A /* Sources */ = {
			isa = PBXSourcesBuildPhase;
			buildActionMask = 2147483647;
			files = (
				B021B8092BF5395D00871F7A /* SportsAppTests.swift in Sources */,
			);
			runOnlyForDeploymentPostprocessing = 0;
		};
		B021B80A2BF5395D00871F7A /* Sources */ = {
			isa = PBXSourcesBuildPhase;
			buildActionMask = 2147483647;
			files = (
				B021B8132BF5395D00871F7A /* SportsAppUITests.swift in Sources */,
				B021B8152BF5395D00871F7A /* SportsAppUITestsLaunchTests.swift in Sources */,
			);
			runOnlyForDeploymentPostprocessing = 0;
		};
/* End PBXSourcesBuildPhase section */

/* Begin PBXTargetDependency section */
		B021B8062BF5395D00871F7A /* PBXTargetDependency */ = {
			isa = PBXTargetDependency;
			target = B021B7EA2BF5395B00871F7A /* SportsApp */;
			targetProxy = B021B8052BF5395D00871F7A /* PBXContainerItemProxy */;
		};
		B021B8102BF5395D00871F7A /* PBXTargetDependency */ = {
			isa = PBXTargetDependency;
			target = B021B7EA2BF5395B00871F7A /* SportsApp */;
			targetProxy = B021B80F2BF5395D00871F7A /* PBXContainerItemProxy */;
		};
/* End PBXTargetDependency section */

/* Begin PBXVariantGroup section */
		B021B7F42BF5395B00871F7A /* Main.storyboard */ = {
			isa = PBXVariantGroup;
			children = (
				B021B7F52BF5395B00871F7A /* Base */,
			);
			name = Main.storyboard;
			sourceTree = "<group>";
		};
		B021B7FC2BF5395D00871F7A /* LaunchScreen.storyboard */ = {
			isa = PBXVariantGroup;
			children = (
				B021B7FD2BF5395D00871F7A /* Base */,
			);
			name = LaunchScreen.storyboard;
			sourceTree = "<group>";
		};
/* End PBXVariantGroup section */

/* Begin XCBuildConfiguration section */
		B021B8162BF5395D00871F7A /* Debug */ = {
			isa = XCBuildConfiguration;
			buildSettings = {
				ALWAYS_SEARCH_USER_PATHS = NO;
				ASSETCATALOG_COMPILER_GENERATE_SWIFT_ASSET_SYMBOL_EXTENSIONS = YES;
				CLANG_ANALYZER_NONNULL = YES;
				CLANG_ANALYZER_NUMBER_OBJECT_CONVERSION = YES_AGGRESSIVE;
				CLANG_CXX_LANGUAGE_STANDARD = "gnu++20";
				CLANG_ENABLE_MODULES = YES;
				CLANG_ENABLE_OBJC_ARC = YES;
				CLANG_ENABLE_OBJC_WEAK = YES;
				CLANG_WARN_BLOCK_CAPTURE_AUTORELEASING = YES;
				CLANG_WARN_BOOL_CONVERSION = YES;
				CLANG_WARN_COMMA = YES;
				CLANG_WARN_CONSTANT_CONVERSION = YES;
				CLANG_WARN_DEPRECATED_OBJC_IMPLEMENTATIONS = YES;
				CLANG_WARN_DIRECT_OBJC_ISA_USAGE = YES_ERROR;
				CLANG_WARN_DOCUMENTATION_COMMENTS = YES;
				CLANG_WARN_EMPTY_BODY = YES;
				CLANG_WARN_ENUM_CONVERSION = YES;
				CLANG_WARN_INFINITE_RECURSION = YES;
				CLANG_WARN_INT_CONVERSION = YES;
				CLANG_WARN_NON_LITERAL_NULL_CONVERSION = YES;
				CLANG_WARN_OBJC_IMPLICIT_RETAIN_SELF = YES;
				CLANG_WARN_OBJC_LITERAL_CONVERSION = YES;
				CLANG_WARN_OBJC_ROOT_CLASS = YES_ERROR;
				CLANG_WARN_QUOTED_INCLUDE_IN_FRAMEWORK_HEADER = YES;
				CLANG_WARN_RANGE_LOOP_ANALYSIS = YES;
				CLANG_WARN_STRICT_PROTOTYPES = YES;
				CLANG_WARN_SUSPICIOUS_MOVE = YES;
				CLANG_WARN_UNGUARDED_AVAILABILITY = YES_AGGRESSIVE;
				CLANG_WARN_UNREACHABLE_CODE = YES;
				CLANG_WARN__DUPLICATE_METHOD_MATCH = YES;
				COPY_PHASE_STRIP = NO;
				DEBUG_INFORMATION_FORMAT = dwarf;
				ENABLE_STRICT_OBJC_MSGSEND = YES;
				ENABLE_TESTABILITY = YES;
				ENABLE_USER_SCRIPT_SANDBOXING = YES;
				GCC_C_LANGUAGE_STANDARD = gnu17;
				GCC_DYNAMIC_NO_PIC = NO;
				GCC_NO_COMMON_BLOCKS = YES;
				GCC_OPTIMIZATION_LEVEL = 0;
				GCC_PREPROCESSOR_DEFINITIONS = (
					"DEBUG=1",
					"$(inherited)",
				);
				GCC_WARN_64_TO_32_BIT_CONVERSION = YES;
				GCC_WARN_ABOUT_RETURN_TYPE = YES_ERROR;
				GCC_WARN_UNDECLARED_SELECTOR = YES;
				GCC_WARN_UNINITIALIZED_AUTOS = YES_AGGRESSIVE;
				GCC_WARN_UNUSED_FUNCTION = YES;
				GCC_WARN_UNUSED_VARIABLE = YES;
				IPHONEOS_DEPLOYMENT_TARGET = 17.4;
				LOCALIZATION_PREFERS_STRING_CATALOGS = YES;
				MTL_ENABLE_DEBUG_INFO = INCLUDE_SOURCE;
				MTL_FAST_MATH = YES;
				ONLY_ACTIVE_ARCH = YES;
				SDKROOT = iphoneos;
				SWIFT_ACTIVE_COMPILATION_CONDITIONS = "DEBUG $(inherited)";
				SWIFT_OPTIMIZATION_LEVEL = "-Onone";
			};
			name = Debug;
		};
		B021B8172BF5395D00871F7A /* Release */ = {
			isa = XCBuildConfiguration;
			buildSettings = {
				ALWAYS_SEARCH_USER_PATHS = NO;
				ASSETCATALOG_COMPILER_GENERATE_SWIFT_ASSET_SYMBOL_EXTENSIONS = YES;
				CLANG_ANALYZER_NONNULL = YES;
				CLANG_ANALYZER_NUMBER_OBJECT_CONVERSION = YES_AGGRESSIVE;
				CLANG_CXX_LANGUAGE_STANDARD = "gnu++20";
				CLANG_ENABLE_MODULES = YES;
				CLANG_ENABLE_OBJC_ARC = YES;
				CLANG_ENABLE_OBJC_WEAK = YES;
				CLANG_WARN_BLOCK_CAPTURE_AUTORELEASING = YES;
				CLANG_WARN_BOOL_CONVERSION = YES;
				CLANG_WARN_COMMA = YES;
				CLANG_WARN_CONSTANT_CONVERSION = YES;
				CLANG_WARN_DEPRECATED_OBJC_IMPLEMENTATIONS = YES;
				CLANG_WARN_DIRECT_OBJC_ISA_USAGE = YES_ERROR;
				CLANG_WARN_DOCUMENTATION_COMMENTS = YES;
				CLANG_WARN_EMPTY_BODY = YES;
				CLANG_WARN_ENUM_CONVERSION = YES;
				CLANG_WARN_INFINITE_RECURSION = YES;
				CLANG_WARN_INT_CONVERSION = YES;
				CLANG_WARN_NON_LITERAL_NULL_CONVERSION = YES;
				CLANG_WARN_OBJC_IMPLICIT_RETAIN_SELF = YES;
				CLANG_WARN_OBJC_LITERAL_CONVERSION = YES;
				CLANG_WARN_OBJC_ROOT_CLASS = YES_ERROR;
				CLANG_WARN_QUOTED_INCLUDE_IN_FRAMEWORK_HEADER = YES;
				CLANG_WARN_RANGE_LOOP_ANALYSIS = YES;
				CLANG_WARN_STRICT_PROTOTYPES = YES;
				CLANG_WARN_SUSPICIOUS_MOVE = YES;
				CLANG_WARN_UNGUARDED_AVAILABILITY = YES_AGGRESSIVE;
				CLANG_WARN_UNREACHABLE_CODE = YES;
				CLANG_WARN__DUPLICATE_METHOD_MATCH = YES;
				COPY_PHASE_STRIP = NO;
				DEBUG_INFORMATION_FORMAT = "dwarf-with-dsym";
				ENABLE_NS_ASSERTIONS = NO;
				ENABLE_STRICT_OBJC_MSGSEND = YES;
				ENABLE_USER_SCRIPT_SANDBOXING = YES;
				GCC_C_LANGUAGE_STANDARD = gnu17;
				GCC_NO_COMMON_BLOCKS = YES;
				GCC_WARN_64_TO_32_BIT_CONVERSION = YES;
				GCC_WARN_ABOUT_RETURN_TYPE = YES_ERROR;
				GCC_WARN_UNDECLARED_SELECTOR = YES;
				GCC_WARN_UNINITIALIZED_AUTOS = YES_AGGRESSIVE;
				GCC_WARN_UNUSED_FUNCTION = YES;
				GCC_WARN_UNUSED_VARIABLE = YES;
				IPHONEOS_DEPLOYMENT_TARGET = 17.4;
				LOCALIZATION_PREFERS_STRING_CATALOGS = YES;
				MTL_ENABLE_DEBUG_INFO = NO;
				MTL_FAST_MATH = YES;
				SDKROOT = iphoneos;
				SWIFT_COMPILATION_MODE = wholemodule;
				VALIDATE_PRODUCT = YES;
			};
			name = Release;
		};
		B021B8192BF5395D00871F7A /* Debug */ = {
			isa = XCBuildConfiguration;
			baseConfigurationReference = B9C7DA2CD6F060F07949E19C /* Pods-SportsApp.debug.xcconfig */;
			buildSettings = {
				ASSETCATALOG_COMPILER_APPICON_NAME = AppIcon;
				ASSETCATALOG_COMPILER_GLOBAL_ACCENT_COLOR_NAME = AccentColor;
				CODE_SIGN_STYLE = Automatic;
				CURRENT_PROJECT_VERSION = 1;
				ENABLE_USER_SCRIPT_SANDBOXING = NO;
				GENERATE_INFOPLIST_FILE = YES;
				INFOPLIST_FILE = SportsApp/Info.plist;
				INFOPLIST_KEY_UIApplicationSupportsIndirectInputEvents = YES;
				INFOPLIST_KEY_UILaunchStoryboardName = LaunchScreen;
				INFOPLIST_KEY_UIMainStoryboardFile = Main;
				INFOPLIST_KEY_UISupportedInterfaceOrientations_iPad = "UIInterfaceOrientationPortrait UIInterfaceOrientationPortraitUpsideDown UIInterfaceOrientationLandscapeLeft UIInterfaceOrientationLandscapeRight";
				INFOPLIST_KEY_UISupportedInterfaceOrientations_iPhone = "UIInterfaceOrientationPortrait UIInterfaceOrientationLandscapeLeft UIInterfaceOrientationLandscapeRight";
				IPHONEOS_DEPLOYMENT_TARGET = 14.0;
				LD_RUNPATH_SEARCH_PATHS = (
					"$(inherited)",
					"@executable_path/Frameworks",
				);
				MARKETING_VERSION = 1.0;
				PRODUCT_BUNDLE_IDENTIFIER = ITI.SportsApp;
				PRODUCT_NAME = "$(TARGET_NAME)";
				SWIFT_EMIT_LOC_STRINGS = YES;
				SWIFT_VERSION = 5.0;
				TARGETED_DEVICE_FAMILY = "1,2";
			};
			name = Debug;
		};
		B021B81A2BF5395D00871F7A /* Release */ = {
			isa = XCBuildConfiguration;
			baseConfigurationReference = 6FA268D0D43548CBBD64601A /* Pods-SportsApp.release.xcconfig */;
			buildSettings = {
				ASSETCATALOG_COMPILER_APPICON_NAME = AppIcon;
				ASSETCATALOG_COMPILER_GLOBAL_ACCENT_COLOR_NAME = AccentColor;
				CODE_SIGN_STYLE = Automatic;
				CURRENT_PROJECT_VERSION = 1;
				ENABLE_USER_SCRIPT_SANDBOXING = NO;
				GENERATE_INFOPLIST_FILE = YES;
				INFOPLIST_FILE = SportsApp/Info.plist;
				INFOPLIST_KEY_UIApplicationSupportsIndirectInputEvents = YES;
				INFOPLIST_KEY_UILaunchStoryboardName = LaunchScreen;
				INFOPLIST_KEY_UIMainStoryboardFile = Main;
				INFOPLIST_KEY_UISupportedInterfaceOrientations_iPad = "UIInterfaceOrientationPortrait UIInterfaceOrientationPortraitUpsideDown UIInterfaceOrientationLandscapeLeft UIInterfaceOrientationLandscapeRight";
				INFOPLIST_KEY_UISupportedInterfaceOrientations_iPhone = "UIInterfaceOrientationPortrait UIInterfaceOrientationLandscapeLeft UIInterfaceOrientationLandscapeRight";
				IPHONEOS_DEPLOYMENT_TARGET = 14.0;
				LD_RUNPATH_SEARCH_PATHS = (
					"$(inherited)",
					"@executable_path/Frameworks",
				);
				MARKETING_VERSION = 1.0;
				PRODUCT_BUNDLE_IDENTIFIER = ITI.SportsApp;
				PRODUCT_NAME = "$(TARGET_NAME)";
				SWIFT_EMIT_LOC_STRINGS = YES;
				SWIFT_VERSION = 5.0;
				TARGETED_DEVICE_FAMILY = "1,2";
			};
			name = Release;
		};
		B021B81C2BF5395D00871F7A /* Debug */ = {
			isa = XCBuildConfiguration;
			baseConfigurationReference = E4333F4DEB9FCD8641CD5732 /* Pods-SportsAppTests.debug.xcconfig */;
			buildSettings = {
				ALWAYS_EMBED_SWIFT_STANDARD_LIBRARIES = YES;
				BUNDLE_LOADER = "$(TEST_HOST)";
				CODE_SIGN_STYLE = Automatic;
				CURRENT_PROJECT_VERSION = 1;
				GENERATE_INFOPLIST_FILE = YES;
				IPHONEOS_DEPLOYMENT_TARGET = 17.4;
				MARKETING_VERSION = 1.0;
				PRODUCT_BUNDLE_IDENTIFIER = ITI.SportsAppTests;
				PRODUCT_NAME = "$(TARGET_NAME)";
				SWIFT_EMIT_LOC_STRINGS = NO;
				SWIFT_VERSION = 5.0;
				TARGETED_DEVICE_FAMILY = "1,2";
				TEST_HOST = "$(BUILT_PRODUCTS_DIR)/SportsApp.app/$(BUNDLE_EXECUTABLE_FOLDER_PATH)/SportsApp";
			};
			name = Debug;
		};
		B021B81D2BF5395D00871F7A /* Release */ = {
			isa = XCBuildConfiguration;
			baseConfigurationReference = 6AB4280462B4B09C4C566082 /* Pods-SportsAppTests.release.xcconfig */;
			buildSettings = {
				ALWAYS_EMBED_SWIFT_STANDARD_LIBRARIES = YES;
				BUNDLE_LOADER = "$(TEST_HOST)";
				CODE_SIGN_STYLE = Automatic;
				CURRENT_PROJECT_VERSION = 1;
				GENERATE_INFOPLIST_FILE = YES;
				IPHONEOS_DEPLOYMENT_TARGET = 17.4;
				MARKETING_VERSION = 1.0;
				PRODUCT_BUNDLE_IDENTIFIER = ITI.SportsAppTests;
				PRODUCT_NAME = "$(TARGET_NAME)";
				SWIFT_EMIT_LOC_STRINGS = NO;
				SWIFT_VERSION = 5.0;
				TARGETED_DEVICE_FAMILY = "1,2";
				TEST_HOST = "$(BUILT_PRODUCTS_DIR)/SportsApp.app/$(BUNDLE_EXECUTABLE_FOLDER_PATH)/SportsApp";
			};
			name = Release;
		};
		B021B81F2BF5395D00871F7A /* Debug */ = {
			isa = XCBuildConfiguration;
			baseConfigurationReference = 93980188ABF5C522CF29AB49 /* Pods-SportsApp-SportsAppUITests.debug.xcconfig */;
			buildSettings = {
				ALWAYS_EMBED_SWIFT_STANDARD_LIBRARIES = YES;
				CODE_SIGN_STYLE = Automatic;
				CURRENT_PROJECT_VERSION = 1;
				GENERATE_INFOPLIST_FILE = YES;
				MARKETING_VERSION = 1.0;
				PRODUCT_BUNDLE_IDENTIFIER = ITI.SportsAppUITests;
				PRODUCT_NAME = "$(TARGET_NAME)";
				SWIFT_EMIT_LOC_STRINGS = NO;
				SWIFT_VERSION = 5.0;
				TARGETED_DEVICE_FAMILY = "1,2";
				TEST_TARGET_NAME = SportsApp;
			};
			name = Debug;
		};
		B021B8202BF5395D00871F7A /* Release */ = {
			isa = XCBuildConfiguration;
			baseConfigurationReference = 36CD3F97E3617E000D2AE584 /* Pods-SportsApp-SportsAppUITests.release.xcconfig */;
			buildSettings = {
				ALWAYS_EMBED_SWIFT_STANDARD_LIBRARIES = YES;
				CODE_SIGN_STYLE = Automatic;
				CURRENT_PROJECT_VERSION = 1;
				GENERATE_INFOPLIST_FILE = YES;
				MARKETING_VERSION = 1.0;
				PRODUCT_BUNDLE_IDENTIFIER = ITI.SportsAppUITests;
				PRODUCT_NAME = "$(TARGET_NAME)";
				SWIFT_EMIT_LOC_STRINGS = NO;
				SWIFT_VERSION = 5.0;
				TARGETED_DEVICE_FAMILY = "1,2";
				TEST_TARGET_NAME = SportsApp;
			};
			name = Release;
		};
/* End XCBuildConfiguration section */

/* Begin XCConfigurationList section */
		B021B7E62BF5395B00871F7A /* Build configuration list for PBXProject "SportsApp" */ = {
			isa = XCConfigurationList;
			buildConfigurations = (
				B021B8162BF5395D00871F7A /* Debug */,
				B021B8172BF5395D00871F7A /* Release */,
			);
			defaultConfigurationIsVisible = 0;
			defaultConfigurationName = Release;
		};
		B021B8182BF5395D00871F7A /* Build configuration list for PBXNativeTarget "SportsApp" */ = {
			isa = XCConfigurationList;
			buildConfigurations = (
				B021B8192BF5395D00871F7A /* Debug */,
				B021B81A2BF5395D00871F7A /* Release */,
			);
			defaultConfigurationIsVisible = 0;
			defaultConfigurationName = Release;
		};
		B021B81B2BF5395D00871F7A /* Build configuration list for PBXNativeTarget "SportsAppTests" */ = {
			isa = XCConfigurationList;
			buildConfigurations = (
				B021B81C2BF5395D00871F7A /* Debug */,
				B021B81D2BF5395D00871F7A /* Release */,
			);
			defaultConfigurationIsVisible = 0;
			defaultConfigurationName = Release;
		};
		B021B81E2BF5395D00871F7A /* Build configuration list for PBXNativeTarget "SportsAppUITests" */ = {
			isa = XCConfigurationList;
			buildConfigurations = (
				B021B81F2BF5395D00871F7A /* Debug */,
				B021B8202BF5395D00871F7A /* Release */,
			);
			defaultConfigurationIsVisible = 0;
			defaultConfigurationName = Release;
		};
/* End XCConfigurationList section */

/* Begin XCVersionGroup section */
		B021B7F72BF5395B00871F7A /* SportsApp.xcdatamodeld */ = {
			isa = XCVersionGroup;
			children = (
				B021B7F82BF5395B00871F7A /* SportsApp.xcdatamodel */,
			);
			currentVersion = B021B7F82BF5395B00871F7A /* SportsApp.xcdatamodel */;
			path = SportsApp.xcdatamodeld;
			sourceTree = "<group>";
			versionGroupType = wrapper.xcdatamodel;
		};
/* End XCVersionGroup section */
	};
	rootObject = B021B7E32BF5395B00871F7A /* Project object */;
}
